
Microsoft Visual Studio Solution File, Format Version 12.00
# Visual Studio Version 16
VisualStudioVersion = 16.0.32126.315
MinimumVisualStudioVersion = 10.0.40219.1
Project("{8BC9CEB8-8B4A-11D0-8D11-00A0C91BC942}") = "Smart_Factory", "Smart_Factory.vcxproj", "{848E6A38-0BAF-4BDF-BCDE-4FE92FA0F8C8}"
EndProject
Global
	GlobalSection(SolutionConfigurationPlatforms) = preSolution
		Debug|x64 = Debug|x64
		Debug|x86 = Debug|x86
		Release|x64 = Release|x64
		Release|x86 = Release|x86
	EndGlobalSection
	GlobalSection(ProjectConfigurationPlatforms) = postSolution
		{848E6A38-0BAF-4BDF-BCDE-4FE92FA0F8C8}.Debug|x64.ActiveCfg = Debug|x64
		{848E6A38-0BAF-4BDF-BCDE-4FE92FA0F8C8}.Debug|x64.Build.0 = Debug|x64
		{848E6A38-0BAF-4BDF-BCDE-4FE92FA0F8C8}.Debug|x86.ActiveCfg = Debug|Win32
		{848E6A38-0BAF-4BDF-BCDE-4FE92FA0F8C8}.Debug|x86.Build.0 = Debug|Win32
		{848E6A38-0BAF-4BDF-BCDE-4FE92FA0F8C8}.Release|x64.ActiveCfg = Release|x64
		{848E6A38-0BAF-4BDF-BCDE-4FE92FA0F8C8}.Release|x64.Build.0 = Release|x64
		{848E6A38-0BAF-4BDF-BCDE-4FE92FA0F8C8}.Release|x86.ActiveCfg = Release|Win32
		{848E6A38-0BAF-4BDF-BCDE-4FE92FA0F8C8}.Release|x86.Build.0 = Release|Win32
	EndGlobalSection
	GlobalSection(SolutionProperties) = preSolution
		HideSolutionNode = FALSE
	EndGlobalSection
	GlobalSection(ExtensibilityGlobals) = postSolution
		SolutionGuid = {9B31B8DE-F0F4-4D0B-9AB6-97FD37E3EE1A}
	EndGlobalSection
EndGlobal
