
Microsoft Visual Studio Solution File, Format Version 12.00
# Visual Studio Version 16
VisualStudioVersion = 16.0.32126.315
MinimumVisualStudioVersion = 10.0.40219.1
Project("{8BC9CEB8-8B4A-11D0-8D11-00A0C91BC942}") = "Smart_Factory(psh-큐)", "Smart_Factory(psh-큐).vcxproj", "{5A5F99A6-52A5-49D4-BFA0-0839CF14471B}"
EndProject
Global
	GlobalSection(SolutionConfigurationPlatforms) = preSolution
		Debug|x64 = Debug|x64
		Debug|x86 = Debug|x86
		Release|x64 = Release|x64
		Release|x86 = Release|x86
	EndGlobalSection
	GlobalSection(ProjectConfigurationPlatforms) = postSolution
		{5A5F99A6-52A5-49D4-BFA0-0839CF14471B}.Debug|x64.ActiveCfg = Debug|x64
		{5A5F99A6-52A5-49D4-BFA0-0839CF14471B}.Debug|x64.Build.0 = Debug|x64
		{5A5F99A6-52A5-49D4-BFA0-0839CF14471B}.Debug|x86.ActiveCfg = Debug|Win32
		{5A5F99A6-52A5-49D4-BFA0-0839CF14471B}.Debug|x86.Build.0 = Debug|Win32
		{5A5F99A6-52A5-49D4-BFA0-0839CF14471B}.Release|x64.ActiveCfg = Release|x64
		{5A5F99A6-52A5-49D4-BFA0-0839CF14471B}.Release|x64.Build.0 = Release|x64
		{5A5F99A6-52A5-49D4-BFA0-0839CF14471B}.Release|x86.ActiveCfg = Release|Win32
		{5A5F99A6-52A5-49D4-BFA0-0839CF14471B}.Release|x86.Build.0 = Release|Win32
	EndGlobalSection
	GlobalSection(SolutionProperties) = preSolution
		HideSolutionNode = FALSE
	EndGlobalSection
	GlobalSection(ExtensibilityGlobals) = postSolution
		SolutionGuid = {F93A070D-5D95-487B-8020-FBCB72DD1B82}
	EndGlobalSection
EndGlobal
