
Microsoft Visual Studio Solution File, Format Version 12.00
# Visual Studio Version 16
VisualStudioVersion = 16.0.32126.315
MinimumVisualStudioVersion = 10.0.40219.1
Project("{8BC9CEB8-8B4A-11D0-8D11-00A0C91BC942}") = "CHAP06", "CHAP06.vcxproj", "{BE4D1338-D285-4E3C-B2D3-1D2DFE6B0E8D}"
EndProject
Global
	GlobalSection(SolutionConfigurationPlatforms) = preSolution
		Debug|x64 = Debug|x64
		Debug|x86 = Debug|x86
		Release|x64 = Release|x64
		Release|x86 = Release|x86
	EndGlobalSection
	GlobalSection(ProjectConfigurationPlatforms) = postSolution
		{BE4D1338-D285-4E3C-B2D3-1D2DFE6B0E8D}.Debug|x64.ActiveCfg = Debug|x64
		{BE4D1338-D285-4E3C-B2D3-1D2DFE6B0E8D}.Debug|x64.Build.0 = Debug|x64
		{BE4D1338-D285-4E3C-B2D3-1D2DFE6B0E8D}.Debug|x86.ActiveCfg = Debug|Win32
		{BE4D1338-D285-4E3C-B2D3-1D2DFE6B0E8D}.Debug|x86.Build.0 = Debug|Win32
		{BE4D1338-D285-4E3C-B2D3-1D2DFE6B0E8D}.Release|x64.ActiveCfg = Release|x64
		{BE4D1338-D285-4E3C-B2D3-1D2DFE6B0E8D}.Release|x64.Build.0 = Release|x64
		{BE4D1338-D285-4E3C-B2D3-1D2DFE6B0E8D}.Release|x86.ActiveCfg = Release|Win32
		{BE4D1338-D285-4E3C-B2D3-1D2DFE6B0E8D}.Release|x86.Build.0 = Release|Win32
	EndGlobalSection
	GlobalSection(SolutionProperties) = preSolution
		HideSolutionNode = FALSE
	EndGlobalSection
	GlobalSection(ExtensibilityGlobals) = postSolution
		SolutionGuid = {96DE8842-30DE-4CCE-A6E7-2756C2916365}
	EndGlobalSection
EndGlobal
