
Microsoft Visual Studio Solution File, Format Version 12.00
# Visual Studio Version 16
VisualStudioVersion = 16.0.32126.315
MinimumVisualStudioVersion = 10.0.40219.1
Project("{8BC9CEB8-8B4A-11D0-8D11-00A0C91BC942}") = "Project12", "Project12.vcxproj", "{7ACD4636-BA2D-4749-9378-0B1E726DFF07}"
EndProject
Global
	GlobalSection(SolutionConfigurationPlatforms) = preSolution
		Debug|x64 = Debug|x64
		Debug|x86 = Debug|x86
		Release|x64 = Release|x64
		Release|x86 = Release|x86
	EndGlobalSection
	GlobalSection(ProjectConfigurationPlatforms) = postSolution
		{7ACD4636-BA2D-4749-9378-0B1E726DFF07}.Debug|x64.ActiveCfg = Debug|x64
		{7ACD4636-BA2D-4749-9378-0B1E726DFF07}.Debug|x64.Build.0 = Debug|x64
		{7ACD4636-BA2D-4749-9378-0B1E726DFF07}.Debug|x86.ActiveCfg = Debug|Win32
		{7ACD4636-BA2D-4749-9378-0B1E726DFF07}.Debug|x86.Build.0 = Debug|Win32
		{7ACD4636-BA2D-4749-9378-0B1E726DFF07}.Release|x64.ActiveCfg = Release|x64
		{7ACD4636-BA2D-4749-9378-0B1E726DFF07}.Release|x64.Build.0 = Release|x64
		{7ACD4636-BA2D-4749-9378-0B1E726DFF07}.Release|x86.ActiveCfg = Release|Win32
		{7ACD4636-BA2D-4749-9378-0B1E726DFF07}.Release|x86.Build.0 = Release|Win32
	EndGlobalSection
	GlobalSection(SolutionProperties) = preSolution
		HideSolutionNode = FALSE
	EndGlobalSection
	GlobalSection(ExtensibilityGlobals) = postSolution
		SolutionGuid = {A2543D2B-9782-469E-827F-E84FA0642524}
	EndGlobalSection
EndGlobal
