<?xml version="1.0" encoding="utf-8"?>
<Project ToolsVersion="4.0" xmlns="http://schemas.microsoft.com/developer/msbuild/2003">
  <ItemGroup>
    <Filter Include="소스 파일">
      <UniqueIdentifier>{4FC737F1-C7A5-4376-A066-2A32D752A2FF}</UniqueIdentifier>
      <Extensions>cpp;c;cc;cxx;c++;cppm;ixx;def;odl;idl;hpj;bat;asm;asmx</Extensions>
    </Filter>
    <Filter Include="헤더 파일">
      <UniqueIdentifier>{93995380-89BD-4b04-88EB-625FBE52EBFB}</UniqueIdentifier>
      <Extensions>h;hh;hpp;hxx;h++;hm;inl;inc;ipp;xsd</Extensions>
    </Filter>
    <Filter Include="리소스 파일">
      <UniqueIdentifier>{67DA6AB6-F800-4c08-8B7A-83BB121AAD01}</UniqueIdentifier>
      <Extensions>rc;ico;cur;bmp;dlg;rc2;rct;bin;rgs;gif;jpg;jpeg;jpe;resx;tiff;tif;png;wav;mfcribbon-ms</Extensions>
    </Filter>
  </ItemGroup>
  <ItemGroup>
    <ClCompile Include="lpt_smart_factory.c">
      <Filter>소스 파일</Filter>
    </ClCompile>
    <ClCompile Include="mp3_player.c">
      <Filter>소스 파일</Filter>
    </ClCompile>
    <ClCompile Include="기말_,이진탐색트리.c">
      <Filter>소스 파일</Filter>
    </ClCompile>
    <ClCompile Include="원형연결리스트_학생정보.c">
      <Filter>소스 파일</Filter>
    </ClCompile>
    <ClCompile Include="문제4-단일연결리스트.c">
      <Filter>소스 파일</Filter>
    </ClCompile>
    <ClCompile Include="test.c">
      <Filter>소스 파일</Filter>
    </ClCompile>
    <ClCompile Include="중위식후위식으로바꿔서계산.c">
      <Filter>소스 파일</Filter>
    </ClCompile>
    <ClCompile Include="히프트리로_평균값구하기.c">
      <Filter>소스 파일</Filter>
    </ClCompile>
  </ItemGroup>
</Project>