
Microsoft Visual Studio Solution File, Format Version 12.00
# Visual Studio Version 16
VisualStudioVersion = 16.0.32126.315
MinimumVisualStudioVersion = 10.0.40219.1
Project("{8BC9CEB8-8B4A-11D0-8D11-00A0C91BC942}") = "후위연산식 랜덤 생성 및 트리 사칙연산 예제", "후위연산식 랜덤 생성 및 트리 사칙연산 예제.vcxproj", "{77545FA1-7689-49D4-A304-E7EAB8FC4278}"
EndProject
Global
	GlobalSection(SolutionConfigurationPlatforms) = preSolution
		Debug|x64 = Debug|x64
		Debug|x86 = Debug|x86
		Release|x64 = Release|x64
		Release|x86 = Release|x86
	EndGlobalSection
	GlobalSection(ProjectConfigurationPlatforms) = postSolution
		{77545FA1-7689-49D4-A304-E7EAB8FC4278}.Debug|x64.ActiveCfg = Debug|x64
		{77545FA1-7689-49D4-A304-E7EAB8FC4278}.Debug|x64.Build.0 = Debug|x64
		{77545FA1-7689-49D4-A304-E7EAB8FC4278}.Debug|x86.ActiveCfg = Debug|Win32
		{77545FA1-7689-49D4-A304-E7EAB8FC4278}.Debug|x86.Build.0 = Debug|Win32
		{77545FA1-7689-49D4-A304-E7EAB8FC4278}.Release|x64.ActiveCfg = Release|x64
		{77545FA1-7689-49D4-A304-E7EAB8FC4278}.Release|x64.Build.0 = Release|x64
		{77545FA1-7689-49D4-A304-E7EAB8FC4278}.Release|x86.ActiveCfg = Release|Win32
		{77545FA1-7689-49D4-A304-E7EAB8FC4278}.Release|x86.Build.0 = Release|Win32
	EndGlobalSection
	GlobalSection(SolutionProperties) = preSolution
		HideSolutionNode = FALSE
	EndGlobalSection
	GlobalSection(ExtensibilityGlobals) = postSolution
		SolutionGuid = {79E13B63-D37E-47B5-AC2A-B6B47F202208}
	EndGlobalSection
EndGlobal
